// !$*UTF8*$!
{
	archiveVersion = 1;
	classes = {
	};
	objectVersion = 46;
	objects = {

/* Begin PBXBuildFile section */
		0BD235681D1B95DB00EE0F38 /* AppDelegate.swift in Sources */ = {isa = PBXBuildFile; fileRef = 0BD235671D1B95DB00EE0F38 /* AppDelegate.swift */; };
		0BD2356F1D1B95DB00EE0F38 /* Assets.xcassets in Resources */ = {isa = PBXBuildFile; fileRef = 0BD2356E1D1B95DB00EE0F38 /* Assets.xcassets */; };
		0BD235721D1B95DB00EE0F38 /* LaunchScreen.storyboard in Resources */ = {isa = PBXBuildFile; fileRef = 0BD235701D1B95DB00EE0F38 /* LaunchScreen.storyboard */; };
		0BD2357B1D1B960100EE0F38 /* RootController.swift in Sources */ = {isa = PBXBuildFile; fileRef = 0BD235791D1B960100EE0F38 /* RootController.swift */; };
		0BD2357C1D1B960100EE0F38 /* RootController.xib in Resources */ = {isa = PBXBuildFile; fileRef = 0BD2357A1D1B960100EE0F38 /* RootController.xib */; };
		0BD2357F1D1BE12200EE0F38 /* InfoController.swift in Sources */ = {isa = PBXBuildFile; fileRef = 0BD2357D1D1BE12200EE0F38 /* InfoController.swift */; };
		0BD235801D1BE12200EE0F38 /* InfoController.xib in Resources */ = {isa = PBXBuildFile; fileRef = 0BD2357E1D1BE12200EE0F38 /* InfoController.xib */; };
/* End PBXBuildFile section */

/* Begin PBXFileReference section */
		0BD235641D1B95DB00EE0F38 /* Bai 2.app */ = {isa = PBXFileReference; explicitFileType = wrapper.application; includeInIndex = 0; path = "Bai 2.app"; sourceTree = BUILT_PRODUCTS_DIR; };
		0BD235671D1B95DB00EE0F38 /* AppDelegate.swift */ = {isa = PBXFileReference; lastKnownFileType = sourcecode.swift; path = AppDelegate.swift; sourceTree = "<group>"; };
		0BD2356E1D1B95DB00EE0F38 /* Assets.xcassets */ = {isa = PBXFileReference; lastKnownFileType = folder.assetcatalog; path = Assets.xcassets; sourceTree = "<group>"; };
		0BD235711D1B95DB00EE0F38 /* Base */ = {isa = PBXFileReference; lastKnownFileType = file.storyboard; name = Base; path = Base.lproj/LaunchScreen.storyboard; sourceTree = "<group>"; };
		0BD235731D1B95DB00EE0F38 /* Info.plist */ = {isa = PBXFileReference; lastKnownFileType = text.plist.xml; path = Info.plist; sourceTree = "<group>"; };
		0BD235791D1B960100EE0F38 /* RootController.swift */ = {isa = PBXFileReference; fileEncoding = 4; lastKnownFileType = sourcecode.swift; path = RootController.swift; sourceTree = "<group>"; };
		0BD2357A1D1B960100EE0F38 /* RootController.xib */ = {isa = PBXFileReference; fileEncoding = 4; lastKnownFileType = file.xib; path = RootController.xib; sourceTree = "<group>"; };
		0BD2357D1D1BE12200EE0F38 /* InfoController.swift */ = {isa = PBXFileReference; fileEncoding = 4; lastKnownFileType = sourcecode.swift; path = InfoController.swift; sourceTree = "<group>"; };
		0BD2357E1D1BE12200EE0F38 /* InfoController.xib */ = {isa = PBXFileReference; fileEncoding = 4; lastKnownFileType = file.xib; path = InfoController.xib; sourceTree = "<group>"; };
/* End PBXFileReference section */

/* Begin PBXFrameworksBuildPhase section */
		0BD235611D1B95DB00EE0F38 /* Frameworks */ = {
			isa = PBXFrameworksBuildPhase;
			buildActionMask = 2147483647;
			files = (
			);
			runOnlyForDeploymentPostprocessing = 0;
		};
/* End PBXFrameworksBuildPhase section */

/* Begin PBXGroup section */
		0BD2355B1D1B95DB00EE0F38 = {
			isa = PBXGroup;
			children = (
				0BD235661D1B95DB00EE0F38 /* Bai 2 */,
				0BD235651D1B95DB00EE0F38 /* Products */,
			);
			sourceTree = "<group>";
		};
		0BD235651D1B95DB00EE0F38 /* Products */ = {
			isa = PBXGroup;
			children = (
				0BD235641D1B95DB00EE0F38 /* Bai 2.app */,
			);
			name = Products;
			sourceTree = "<group>";
		};
		0BD235661D1B95DB00EE0F38 /* Bai 2 */ = {
			isa = PBXGroup;
			children = (
				0BD235791D1B960100EE0F38 /* RootController.swift */,
				0BD2357A1D1B960100EE0F38 /* RootController.xib */,
				0BD235671D1B95DB00EE0F38 /* AppDelegate.swift */,
				0BD2356E1D1B95DB00EE0F38 /* Assets.xcassets */,
				0BD235701D1B95DB00EE0F38 /* LaunchScreen.storyboard */,
				0BD235731D1B95DB00EE0F38 /* Info.plist */,
				0BD2357D1D1BE12200EE0F38 /* InfoController.swift */,
				0BD2357E1D1BE12200EE0F38 /* InfoController.xib */,
			);
			path = "Bai 2";
			sourceTree = "<group>";
		};
/* End PBXGroup section */

/* Begin PBXNativeTarget section */
		0BD235631D1B95DB00EE0F38 /* Bai 2 */ = {
			isa = PBXNativeTarget;
			buildConfigurationList = 0BD235761D1B95DB00EE0F38 /* Build configuration list for PBXNativeTarget "Bai 2" */;
			buildPhases = (
				0BD235601D1B95DB00EE0F38 /* Sources */,
				0BD235611D1B95DB00EE0F38 /* Frameworks */,
				0BD235621D1B95DB00EE0F38 /* Resources */,
			);
			buildRules = (
			);
			dependencies = (
			);
			name = "Bai 2";
			productName = "Bai 2";
			productReference = 0BD235641D1B95DB00EE0F38 /* Bai 2.app */;
			productType = "com.apple.product-type.application";
		};
/* End PBXNativeTarget section */

/* Begin PBXProject section */
		0BD2355C1D1B95DB00EE0F38 /* Project object */ = {
			isa = PBXProject;
			attributes = {
				LastSwiftUpdateCheck = 0730;
				LastUpgradeCheck = 0730;
				ORGANIZATIONNAME = "Quang Phu";
				TargetAttributes = {
					0BD235631D1B95DB00EE0F38 = {
						CreatedOnToolsVersion = 7.3.1;
					};
				};
			};
			buildConfigurationList = 0BD2355F1D1B95DB00EE0F38 /* Build configuration list for PBXProject "Bai 2" */;
			compatibilityVersion = "Xcode 3.2";
			developmentRegion = English;
			hasScannedForEncodings = 0;
			knownRegions = (
				en,
				Base,
			);
			mainGroup = 0BD2355B1D1B95DB00EE0F38;
			productRefGroup = 0BD235651D1B95DB00EE0F38 /* Products */;
			projectDirPath = "";
			projectRoot = "";
			targets = (
				0BD235631D1B95DB00EE0F38 /* Bai 2 */,
			);
		};
/* End PBXProject section */

/* Begin PBXResourcesBuildPhase section */
		0BD235621D1B95DB00EE0F38 /* Resources */ = {
			isa = PBXResourcesBuildPhase;
			buildActionMask = 2147483647;
			files = (
				0BD235721D1B95DB00EE0F38 /* LaunchScreen.storyboard in Resources */,
				0BD2357C1D1B960100EE0F38 /* RootController.xib in Resources */,
				0BD2356F1D1B95DB00EE0F38 /* Assets.xcassets in Resources */,
				0BD235801D1BE12200EE0F38 /* InfoController.xib in Resources */,
			);
			runOnlyForDeploymentPostprocessing = 0;
		};
/* End PBXResourcesBuildPhase section */

/* Begin PBXSourcesBuildPhase section */
		0BD235601D1B95DB00EE0F38 /* Sources */ = {
			isa = PBXSourcesBuildPhase;
			buildActionMask = 2147483647;
			files = (
				0BD235681D1B95DB00EE0F38 /* AppDelegate.swift in Sources */,
				0BD2357B1D1B960100EE0F38 /* RootController.swift in Sources */,
				0BD2357F1D1BE12200EE0F38 /* InfoController.swift in Sources */,
			);
			runOnlyForDeploymentPostprocessing = 0;
		};
/* End PBXSourcesBuildPhase section */

/* Begin PBXVariantGroup section */
		0BD235701D1B95DB00EE0F38 /* LaunchScreen.storyboard */ = {
			isa = PBXVariantGroup;
			children = (
				0BD235711D1B95DB00EE0F38 /* Base */,
			);
			name = LaunchScreen.storyboard;
			sourceTree = "<group>";
		};
/* End PBXVariantGroup section */

/* Begin XCBuildConfiguration section */
		0BD235741D1B95DB00EE0F38 /* Debug */ = {
			isa = XCBuildConfiguration;
			buildSettings = {
				ALWAYS_SEARCH_USER_PATHS = NO;
				CLANG_ANALYZER_NONNULL = YES;
				CLANG_CXX_LANGUAGE_STANDARD = "gnu++0x";
				CLANG_CXX_LIBRARY = "libc++";
				CLANG_ENABLE_MODULES = YES;
				CLANG_ENABLE_OBJC_ARC = YES;
				CLANG_WARN_BOOL_CONVERSION = YES;
				CLANG_WARN_CONSTANT_CONVERSION = YES;
				CLANG_WARN_DIRECT_OBJC_ISA_USAGE = YES_ERROR;
				CLANG_WARN_EMPTY_BODY = YES;
				CLANG_WARN_ENUM_CONVERSION = YES;
				CLANG_WARN_INT_CONVERSION = YES;
				CLANG_WARN_OBJC_ROOT_CLASS = YES_ERROR;
				CLANG_WARN_UNREACHABLE_CODE = YES;
				CLANG_WARN__DUPLICATE_METHOD_MATCH = YES;
				"CODE_SIGN_IDENTITY[sdk=iphoneos*]" = "iPhone Developer";
				COPY_PHASE_STRIP = NO;
				DEBUG_INFORMATION_FORMAT = dwarf;
				ENABLE_STRICT_OBJC_MSGSEND = YES;
				ENABLE_TESTABILITY = YES;
				GCC_C_LANGUAGE_STANDARD = gnu99;
				GCC_DYNAMIC_NO_PIC = NO;
				GCC_NO_COMMON_BLOCKS = YES;
				GCC_OPTIMIZATION_LEVEL = 0;
				GCC_PREPROCESSOR_DEFINITIONS = (
					"DEBUG=1",
					"$(inherited)",
				);
				GCC_WARN_64_TO_32_BIT_CONVERSION = YES;
				GCC_WARN_ABOUT_RETURN_TYPE = YES_ERROR;
				GCC_WARN_UNDECLARED_SELECTOR = YES;
				GCC_WARN_UNINITIALIZED_AUTOS = YES_AGGRESSIVE;
				GCC_WARN_UNUSED_FUNCTION = YES;
				GCC_WARN_UNUSED_VARIABLE = YES;
				IPHONEOS_DEPLOYMENT_TARGET = 9.3;
				MTL_ENABLE_DEBUG_INFO = YES;
				ONLY_ACTIVE_ARCH = YES;
				SDKROOT = iphoneos;
				SWIFT_OPTIMIZATION_LEVEL = "-Onone";
				TARGETED_DEVICE_FAMILY = "1,2";
			};
			name = Debug;
		};
		0BD235751D1B95DB00EE0F38 /* Release */ = {
			isa = XCBuildConfiguration;
			buildSettings = {
				ALWAYS_SEARCH_USER_PATHS = NO;
				CLANG_ANALYZER_NONNULL = YES;
				CLANG_CXX_LANGUAGE_STANDARD = "gnu++0x";
				CLANG_CXX_LIBRARY = "libc++";
				CLANG_ENABLE_MODULES = YES;
				CLANG_ENABLE_OBJC_ARC = YES;
				CLANG_WARN_BOOL_CONVERSION = YES;
				CLANG_WARN_CONSTANT_CONVERSION = YES;
				CLANG_WARN_DIRECT_OBJC_ISA_USAGE = YES_ERROR;
				CLANG_WARN_EMPTY_BODY = YES;
				CLANG_WARN_ENUM_CONVERSION = YES;
				CLANG_WARN_INT_CONVERSION = YES;
				CLANG_WARN_OBJC_ROOT_CLASS = YES_ERROR;
				CLANG_WARN_UNREACHABLE_CODE = YES;
				CLANG_WARN__DUPLICATE_METHOD_MATCH = YES;
				"CODE_SIGN_IDENTITY[sdk=iphoneos*]" = "iPhone Developer";
				COPY_PHASE_STRIP = NO;
				DEBUG_INFORMATION_FORMAT = "dwarf-with-dsym";
				ENABLE_NS_ASSERTIONS = NO;
				ENABLE_STRICT_OBJC_MSGSEND = YES;
				GCC_C_LANGUAGE_STANDARD = gnu99;
				GCC_NO_COMMON_BLOCKS = YES;
				GCC_WARN_64_TO_32_BIT_CONVERSION = YES;
				GCC_WARN_ABOUT_RETURN_TYPE = YES_ERROR;
				GCC_WARN_UNDECLARED_SELECTOR = YES;
				GCC_WARN_UNINITIALIZED_AUTOS = YES_AGGRESSIVE;
				GCC_WARN_UNUSED_FUNCTION = YES;
				GCC_WARN_UNUSED_VARIABLE = YES;
				IPHONEOS_DEPLOYMENT_TARGET = 9.3;
				MTL_ENABLE_DEBUG_INFO = NO;
				SDKROOT = iphoneos;
				TARGETED_DEVICE_FAMILY = "1,2";
				VALIDATE_PRODUCT = YES;
			};
			name = Release;
		};
		0BD235771D1B95DB00EE0F38 /* Debug */ = {
			isa = XCBuildConfiguration;
			buildSettings = {
				ASSETCATALOG_COMPILER_APPICON_NAME = AppIcon;
				INFOPLIST_FILE = "Bai 2/Info.plist";
				LD_RUNPATH_SEARCH_PATHS = "$(inherited) @executable_path/Frameworks";
				PRODUCT_BUNDLE_IDENTIFIER = "com.fu.Bai-2";
				PRODUCT_NAME = "$(TARGET_NAME)";
			};
			name = Debug;
		};
		0BD235781D1B95DB00EE0F38 /* Release */ = {
			isa = XCBuildConfiguration;
			buildSettings = {
				ASSETCATALOG_COMPILER_APPICON_NAME = AppIcon;
				INFOPLIST_FILE = "Bai 2/Info.plist";
				LD_RUNPATH_SEARCH_PATHS = "$(inherited) @executable_path/Frameworks";
				PRODUCT_BUNDLE_IDENTIFIER = "com.fu.Bai-2";
				PRODUCT_NAME = "$(TARGET_NAME)";
			};
			name = Release;
		};
/* End XCBuildConfiguration section */

/* Begin XCConfigurationList section */
		0BD2355F1D1B95DB00EE0F38 /* Build configuration list for PBXProject "Bai 2" */ = {
			isa = XCConfigurationList;
			buildConfigurations = (
				0BD235741D1B95DB00EE0F38 /* Debug */,
				0BD235751D1B95DB00EE0F38 /* Release */,
			);
			defaultConfigurationIsVisible = 0;
			defaultConfigurationName = Release;
		};
		0BD235761D1B95DB00EE0F38 /* Build configuration list for PBXNativeTarget "Bai 2" */ = {
			isa = XCConfigurationList;
			buildConfigurations = (
				0BD235771D1B95DB00EE0F38 /* Debug */,
				0BD235781D1B95DB00EE0F38 /* Release */,
			);
			defaultConfigurationIsVisible = 0;
			defaultConfigurationName = Release;
		};
/* End XCConfigurationList section */
	};
	rootObject = 0BD2355C1D1B95DB00EE0F38 /* Project object */;
}
